
Microsoft Visual Studio Solution File, Format Version 12.00
# Visual Studio Version 17
VisualStudioVersion = 17.10.35013.160
MinimumVisualStudioVersion = 10.0.40219.1
Project("{FAE04EC0-301F-11D3-BF4B-00C04F79EFBC}") = "YouTube.AspNetCore.API.Tutorial.Basic", "YouTube.AspNetCore.API.Tutorial.Basic\YouTube.AspNetCore.API.Tutorial.Basic.csproj", "{69002E91-DF82-4868-BD93-0F83497EFC3A}"
EndProject
Global
	GlobalSection(SolutionConfigurationPlatforms) = preSolution
		Debug|Any CPU = Debug|Any CPU
		Release|Any CPU = Release|Any CPU
	EndGlobalSection
	GlobalSection(ProjectConfigurationPlatforms) = postSolution
		{69002E91-DF82-4868-BD93-0F83497EFC3A}.Debug|Any CPU.ActiveCfg = Debug|Any CPU
		{69002E91-DF82-4868-BD93-0F83497EFC3A}.Debug|Any CPU.Build.0 = Debug|Any CPU
		{69002E91-DF82-4868-BD93-0F83497EFC3A}.Release|Any CPU.ActiveCfg = Release|Any CPU
		{69002E91-DF82-4868-BD93-0F83497EFC3A}.Release|Any CPU.Build.0 = Release|Any CPU
	EndGlobalSection
	GlobalSection(SolutionProperties) = preSolution
		HideSolutionNode = FALSE
	EndGlobalSection
	GlobalSection(ExtensibilityGlobals) = postSolution
		SolutionGuid = {BC497392-6D8D-4369-A753-5CCD353AEA86}
	EndGlobalSection
EndGlobal
